
Microsoft Visual Studio Solution File, Format Version 12.00
# Visual Studio Version 16
VisualStudioVersion = 16.0.31205.134
MinimumVisualStudioVersion = 10.0.40219.1
Project("{8BC9CEB8-8B4A-11D0-8D11-00A0C91BC942}") = "test", "test.vcxproj", "{83BC5331-E7C9-4A88-B855-3B2EECC63C95}"
EndProject
Global
	GlobalSection(SolutionConfigurationPlatforms) = preSolution
		Debug|x64 = Debug|x64
		Debug|x86 = Debug|x86
		Release|x64 = Release|x64
		Release|x86 = Release|x86
	EndGlobalSection
	GlobalSection(ProjectConfigurationPlatforms) = postSolution
		{83BC5331-E7C9-4A88-B855-3B2EECC63C95}.Debug|x64.ActiveCfg = Debug|x64
		{83BC5331-E7C9-4A88-B855-3B2EECC63C95}.Debug|x64.Build.0 = Debug|x64
		{83BC5331-E7C9-4A88-B855-3B2EECC63C95}.Debug|x86.ActiveCfg = Debug|Win32
		{83BC5331-E7C9-4A88-B855-3B2EECC63C95}.Debug|x86.Build.0 = Debug|Win32
		{83BC5331-E7C9-4A88-B855-3B2EECC63C95}.Release|x64.ActiveCfg = Release|x64
		{83BC5331-E7C9-4A88-B855-3B2EECC63C95}.Release|x64.Build.0 = Release|x64
		{83BC5331-E7C9-4A88-B855-3B2EECC63C95}.Release|x86.ActiveCfg = Release|Win32
		{83BC5331-E7C9-4A88-B855-3B2EECC63C95}.Release|x86.Build.0 = Release|Win32
	EndGlobalSection
	GlobalSection(SolutionProperties) = preSolution
		HideSolutionNode = FALSE
	EndGlobalSection
	GlobalSection(ExtensibilityGlobals) = postSolution
		SolutionGuid = {6C2DC1FC-9A02-41D8-9CAB-795D20E98EAB}
	EndGlobalSection
EndGlobal
